<?xml version="1.0" encoding="utf-8"?>
<Project ToolsVersion="4.0" xmlns="http://schemas.microsoft.com/developer/msbuild/2003">
  <ItemGroup>
    <Filter Include="Source Files">
      <UniqueIdentifier>{4FC737F1-C7A5-4376-A066-2A32D752A2FF}</UniqueIdentifier>
      <Extensions>cpp;c;cc;cxx;def;odl;idl;hpj;bat;asm;asmx</Extensions>
    </Filter>
    <Filter Include="Header Files">
      <UniqueIdentifier>{93995380-89BD-4b04-88EB-625FBE52EBFB}</UniqueIdentifier>
      <Extensions>h;hh;hpp;hxx;hm;inl;inc;xsd</Extensions>
    </Filter>
    <Filter Include="Resource Files">
      <UniqueIdentifier>{67DA6AB6-F800-4c08-8B7A-83BB121AAD01}</UniqueIdentifier>
      <Extensions>rc;ico;cur;bmp;dlg;rc2;rct;bin;rgs;gif;jpg;jpeg;jpe;resx;tiff;tif;png;wav;mfcribbon-ms</Extensions>
    </Filter>
    <Filter Include="Header Files\engine">
      <UniqueIdentifier>{25122417-1dbf-466b-ab19-d0a7ffda9633}</UniqueIdentifier>
    </Filter>
    <Filter Include="Header Files\screen">
      <UniqueIdentifier>{3224f25d-72be-434e-8a49-585cc6a9e360}</UniqueIdentifier>
    </Filter>
    <Filter Include="Source Files\engine">
      <UniqueIdentifier>{a620f6b8-532b-4b04-8461-c2df7340f4cc}</UniqueIdentifier>
    </Filter>
    <Filter Include="Source Files\screen">
      <UniqueIdentifier>{f4e7a01d-b46a-4cdb-b366-c803a3ad9c3e}</UniqueIdentifier>
    </Filter>
  </ItemGroup>
  <ItemGroup>
    <ClCompile Include="src\main.c">
      <Filter>Source Files</Filter>
    </ClCompile>
    <ClCompile Include="..\gfx\res\resources.c">
      <Filter>Source Files</Filter>
    </ClCompile>
    <ClCompile Include="src\engine\data_manager.c">
      <Filter>Source Files\engine</Filter>
    </ClCompile>
    <ClCompile Include="src\screen\play_screen.c">
      <Filter>Source Files\screen</Filter>
    </ClCompile>
  </ItemGroup>
  <ItemGroup>
    <None Include="build.bat">
      <Filter>Resource Files</Filter>
    </None>
  </ItemGroup>
  <ItemGroup>
    <ClInclude Include="inc\main.h">
      <Filter>Header Files</Filter>
    </ClInclude>
    <ClInclude Include="res\resources.h">
      <Filter>Header Files</Filter>
    </ClInclude>
    <ClInclude Include="inc\engine\data_manager.h">
      <Filter>Header Files\engine</Filter>
    </ClInclude>
    <ClInclude Include="inc\screen\play_screen.h">
      <Filter>Header Files\screen</Filter>
    </ClInclude>
  </ItemGroup>
</Project>